
Microsoft Visual Studio Solution File, Format Version 12.00
# Visual Studio 15
VisualStudioVersion = 15.0.28307.1022
MinimumVisualStudioVersion = 10.0.40219.1
Project("{FAE04EC0-301F-11D3-BF4B-00C04F79EFBC}") = "CodingByVoice", "CodingByVoice\CodingByVoice.csproj", "{7739468B-D2E0-40F5-8CBD-E378AAFF71A5}"
EndProject
Global
	GlobalSection(SolutionConfigurationPlatforms) = preSolution
		Debug|Any CPU = Debug|Any CPU
		Release|Any CPU = Release|Any CPU
	EndGlobalSection
	GlobalSection(ProjectConfigurationPlatforms) = postSolution
		{7739468B-D2E0-40F5-8CBD-E378AAFF71A5}.Debug|Any CPU.ActiveCfg = Debug|Any CPU
		{7739468B-D2E0-40F5-8CBD-E378AAFF71A5}.Debug|Any CPU.Build.0 = Debug|Any CPU
		{7739468B-D2E0-40F5-8CBD-E378AAFF71A5}.Release|Any CPU.ActiveCfg = Release|Any CPU
		{7739468B-D2E0-40F5-8CBD-E378AAFF71A5}.Release|Any CPU.Build.0 = Release|Any CPU
	EndGlobalSection
	GlobalSection(SolutionProperties) = preSolution
		HideSolutionNode = FALSE
	EndGlobalSection
	GlobalSection(ExtensibilityGlobals) = postSolution
		SolutionGuid = {FB8BA5BB-DD97-44A2-A565-6B405EB37AD5}
	EndGlobalSection
EndGlobal
